<?xml version="1.0" encoding="utf-8"?>
<Project ToolsVersion="4.0" xmlns="http://schemas.microsoft.com/developer/msbuild/2003">
  <ItemGroup>
    <Filter Include="소스 파일">
      <UniqueIdentifier>{4FC737F1-C7A5-4376-A066-2A32D752A2FF}</UniqueIdentifier>
      <Extensions>cpp;c;cc;cxx;c++;cppm;ixx;def;odl;idl;hpj;bat;asm;asmx</Extensions>
    </Filter>
    <Filter Include="헤더 파일">
      <UniqueIdentifier>{93995380-89BD-4b04-88EB-625FBE52EBFB}</UniqueIdentifier>
      <Extensions>h;hh;hpp;hxx;h++;hm;inl;inc;ipp;xsd</Extensions>
    </Filter>
    <Filter Include="리소스 파일">
      <UniqueIdentifier>{67DA6AB6-F800-4c08-8B7A-83BB121AAD01}</UniqueIdentifier>
      <Extensions>rc;ico;cur;bmp;dlg;rc2;rct;bin;rgs;gif;jpg;jpeg;jpe;resx;tiff;tif;png;wav;mfcribbon-ms</Extensions>
    </Filter>
    <Filter Include="DirectX">
      <UniqueIdentifier>{247ec748-1417-4b95-aa17-076daf9bd8f7}</UniqueIdentifier>
    </Filter>
    <Filter Include="HLSL">
      <UniqueIdentifier>{55884ea4-9ee3-40c6-a7fb-604ca2d09e8b}</UniqueIdentifier>
    </Filter>
    <Filter Include="DirectX\ShaderClass">
      <UniqueIdentifier>{483176e5-044f-47b1-b261-2f8b857f7509}</UniqueIdentifier>
    </Filter>
    <Filter Include="FbxSDK">
      <UniqueIdentifier>{2b790acf-b121-4f27-a2a0-a33eef93520e}</UniqueIdentifier>
    </Filter>
    <Filter Include="UI">
      <UniqueIdentifier>{a0bd6ed2-adf7-42d5-8be4-160aeeea1421}</UniqueIdentifier>
    </Filter>
  </ItemGroup>
  <ItemGroup>
    <ClCompile Include="main.cpp">
      <Filter>소스 파일</Filter>
    </ClCompile>
    <ClCompile Include="CameraClass.cpp">
      <Filter>소스 파일</Filter>
    </ClCompile>
    <ClCompile Include="ApplicationClass.cpp">
      <Filter>소스 파일</Filter>
    </ClCompile>
    <ClCompile Include="ModelClass.cpp">
      <Filter>소스 파일</Filter>
    </ClCompile>
    <ClCompile Include="SystemClass.cpp">
      <Filter>소스 파일</Filter>
    </ClCompile>
    <ClCompile Include="D3DClass.cpp">
      <Filter>DirectX</Filter>
    </ClCompile>
    <ClCompile Include="ColorShaderClass.cpp">
      <Filter>DirectX\ShaderClass</Filter>
    </ClCompile>
    <ClCompile Include="TextureShaderClass.cpp">
      <Filter>DirectX\ShaderClass</Filter>
    </ClCompile>
    <ClCompile Include="FbxLoader.cpp">
      <Filter>FbxSDK</Filter>
    </ClCompile>
    <ClCompile Include="Mesh.cpp">
      <Filter>FbxSDK</Filter>
    </ClCompile>
    <ClCompile Include="TextClass.cpp">
      <Filter>UI</Filter>
    </ClCompile>
    <ClCompile Include="InfoUiClass.cpp">
      <Filter>UI</Filter>
    </ClCompile>
  </ItemGroup>
  <ItemGroup>
    <ClInclude Include="D3DClass.h">
      <Filter>DirectX</Filter>
    </ClInclude>
    <ClInclude Include="ColorShaderClass.h">
      <Filter>DirectX\ShaderClass</Filter>
    </ClInclude>
    <ClInclude Include="TextureShaderClass.h">
      <Filter>DirectX\ShaderClass</Filter>
    </ClInclude>
    <ClInclude Include="FbxLoader.h">
      <Filter>FbxSDK</Filter>
    </ClInclude>
    <ClInclude Include="Mesh.h">
      <Filter>FbxSDK</Filter>
    </ClInclude>
    <ClInclude Include="TextClass.h">
      <Filter>UI</Filter>
    </ClInclude>
    <ClInclude Include="InfoUiClass.h">
      <Filter>UI</Filter>
    </ClInclude>
    <ClInclude Include="SystemClass.h">
      <Filter>헤더 파일</Filter>
    </ClInclude>
    <ClInclude Include="ModelClass.h">
      <Filter>헤더 파일</Filter>
    </ClInclude>
    <ClInclude Include="CameraClass.h">
      <Filter>헤더 파일</Filter>
    </ClInclude>
    <ClInclude Include="ApplicationClass.h">
      <Filter>헤더 파일</Filter>
    </ClInclude>
  </ItemGroup>
  <ItemGroup>
    <FxCompile Include="..\PixelShader.hlsl">
      <Filter>HLSL</Filter>
    </FxCompile>
    <FxCompile Include="..\VertexShader.hlsl">
      <Filter>HLSL</Filter>
    </FxCompile>
    <FxCompile Include="..\ColorPs.hlsl">
      <Filter>HLSL</Filter>
    </FxCompile>
    <FxCompile Include="..\ColorVs.hlsl">
      <Filter>HLSL</Filter>
    </FxCompile>
  </ItemGroup>
</Project>